// !$*UTF8*$!
{
	archiveVersion = 1;
	classes = {
	};
	objectVersion = 77;
	objects = {

/* Begin PBXBuildFile section */
		039D4CB15A3D2A140F8FFE4F /* WidgetDataStore.swift in Sources */ = {isa = PBXBuildFile; fileRef = 47C597D8CB3430F8C8974566 /* WidgetDataStore.swift */; };
		06C9252A7E0A95F80CF8B89B /* Category.swift in Sources */ = {isa = PBXBuildFile; fileRef = C5059A9C974E138CA49EC216 /* Category.swift */; };
		158416DBA557DB7A6040D8E9 /* ContentView.swift in Sources */ = {isa = PBXBuildFile; fileRef = 5BDCF4B7B5525AE410FE301B /* ContentView.swift */; };
		17B0D9B29A8BDE7EC0EE0F55 /* Assets.xcassets in Resources */ = {isa = PBXBuildFile; fileRef = CD77AF6E62E935C3AD959C61 /* Assets.xcassets */; };
		D1C0DF1ED1C0DF1ED1C0DF11 /* AppIcon.icon in Resources */ = {isa = PBXBuildFile; fileRef = D1C0DF1ED1C0DF1ED1C0DF10 /* AppIcon.icon */; };
		D1C0DF1ED1C0DF1ED1C0DF20 /* PrivacyInfo.xcprivacy in Resources */ = {isa = PBXBuildFile; fileRef = D1C0DF1ED1C0DF1ED1C0DF21 /* PrivacyInfo.xcprivacy */; };
		20A5663EA9AB19AC7FDF2DE0 /* FeedsView.swift in Sources */ = {isa = PBXBuildFile; fileRef = 4846F07A484320C32BA40468 /* FeedsView.swift */; };
		20C768DABF429AE2024F4088 /* YomiWidget.swift in Sources */ = {isa = PBXBuildFile; fileRef = 4731ABBA770650273E328968 /* YomiWidget.swift */; };
		2306986AD2CF9B6EC15C3436 /* SavedView.swift in Sources */ = {isa = PBXBuildFile; fileRef = D25FF693EFC654C05BC596E1 /* SavedView.swift */; };
		29132B6FB84FC51AA6E34E84 /* ArticleContextMenu.swift in Sources */ = {isa = PBXBuildFile; fileRef = 0433804E832D2E6A378F503B /* ArticleContextMenu.swift */; };
		2F89F234641A2CF9F707E8EB /* Article.swift in Sources */ = {isa = PBXBuildFile; fileRef = 3B5D01EC8ADF85FD2BD4C6D6 /* Article.swift */; };
		3B7E948683250D569C16B004 /* RSSFetcher.swift in Sources */ = {isa = PBXBuildFile; fileRef = D912FB6EDE7FB28B88D4C35F /* RSSFetcher.swift */; };
		C1C0FFEE5EC7A0BABE5EC701 /* CategoryPickerSection.swift in Sources */ = {isa = PBXBuildFile; fileRef = C1C0FFEE5EC7A0BABE5EC700 /* CategoryPickerSection.swift */; };
		C2A7E091FACE15D0CA751111 /* CategoriesView.swift in Sources */ = {isa = PBXBuildFile; fileRef = C2A7E091FACE15D0CA751110 /* CategoriesView.swift */; };
		C3B0BABE0FFEE5DC0FFE0001 /* AboutView.swift in Sources */ = {isa = PBXBuildFile; fileRef = C3B0BABE0FFEE5DC0FFE0000 /* AboutView.swift */; };
		481B888D93A391904382092E /* ArticleRowView.swift in Sources */ = {isa = PBXBuildFile; fileRef = F3FDDB2FB7D493C42AEC3F37 /* ArticleRowView.swift */; };
		4B4EEBC63BAFFD07CC326D43 /* LatestView.swift in Sources */ = {isa = PBXBuildFile; fileRef = 4BB0C1AB154AB2E1EDF278B3 /* LatestView.swift */; };
		4CB08D92CFE942C65BA98DAE /* YomiWidget.appex in Embed Foundation Extensions */ = {isa = PBXBuildFile; fileRef = AF09DE22B595F75BE36A715A /* YomiWidget.appex */; settings = {ATTRIBUTES = (CodeSignOnCopy, RemoveHeadersOnCopy, ); }; };
		4F085C878D36E7C93B399394 /* FeedService.swift in Sources */ = {isa = PBXBuildFile; fileRef = 58E58EE73138EA0491E1F1D4 /* FeedService.swift */; };
		57EAF15BE734A7D67BB496DE /* FeedKit in Frameworks */ = {isa = PBXBuildFile; productRef = BB2E65ADE6687995FDB9CB62 /* FeedKit */; };
		5BF9E1C1C2FAB59E69D994CE /* WidgetKit.framework in Frameworks */ = {isa = PBXBuildFile; fileRef = B40C3E7AF40BA6D4AB98D570 /* WidgetKit.framework */; };
		648F66F2D726C3D49EFF094D /* OGImageFetcher.swift in Sources */ = {isa = PBXBuildFile; fileRef = 24BC3432A4FFC1E775E48CE8 /* OGImageFetcher.swift */; };
		6A1F3C9D45E7B208611C4D3F /* FeedDiscoveryService.swift in Sources */ = {isa = PBXBuildFile; fileRef = 7B2E4D0A56F8C319722D5E4A /* FeedDiscoveryService.swift */; };
		6CA182C75F92DA060B01950F /* FeedRowView.swift in Sources */ = {isa = PBXBuildFile; fileRef = 4C9DDDCEA40E5FFCBF658213 /* FeedRowView.swift */; };
		76EA96E43E6EE8B3398D9227 /* FeedManageView.swift in Sources */ = {isa = PBXBuildFile; fileRef = 6FA4A2CA4B72E7996734DCE5 /* FeedManageView.swift */; };
		8117032E657135F335027889 /* CachedAsyncImage.swift in Sources */ = {isa = PBXBuildFile; fileRef = 8D1FAF476B012BC57218C70E /* CachedAsyncImage.swift */; };
		8295190B145063635A2CF3C7 /* OPMLManager.swift in Sources */ = {isa = PBXBuildFile; fileRef = 06F88F9C98C7F0B234D8DB16 /* OPMLManager.swift */; };
		98F9A91802699313EF70BEAF /* SearchView.swift in Sources */ = {isa = PBXBuildFile; fileRef = 02729AC73739B6CFF0674FFD /* SearchView.swift */; };
		9FB324AACF6A8CF25F81F956 /* AddFeedView.swift in Sources */ = {isa = PBXBuildFile; fileRef = 568C3CAA6609A899852D5386 /* AddFeedView.swift */; };
		AA794C4EBB7BEA697D72C5FA /* WidgetDataStore.swift in Sources */ = {isa = PBXBuildFile; fileRef = 47C597D8CB3430F8C8974566 /* WidgetDataStore.swift */; };
		B2428997EA07F2D51E5F6D1B /* ArticleWebView.swift in Sources */ = {isa = PBXBuildFile; fileRef = E2886794B84312D768461BB9 /* ArticleWebView.swift */; };
		B4AEBBE14B1B74B9A7CFE171 /* YomiWidgetBundle.swift in Sources */ = {isa = PBXBuildFile; fileRef = 5A9ED7746BFF87EFE84C900E /* YomiWidgetBundle.swift */; };
		C174A3F9622781277B6C9952 /* YomiApp.swift in Sources */ = {isa = PBXBuildFile; fileRef = 1E1683BA11F1C5441D0587A5 /* YomiApp.swift */; };
		C1C6BA1304B255E9006CA53E /* WidgetKit.framework in Frameworks */ = {isa = PBXBuildFile; fileRef = B40C3E7AF40BA6D4AB98D570 /* WidgetKit.framework */; };
		CE696972B86ADC6341971F3F /* FeedDetailView.swift in Sources */ = {isa = PBXBuildFile; fileRef = 4BA6D9D5F65929ADBBBB66E0 /* FeedDetailView.swift */; };
		D492249C726AC6153890BCB3 /* Feed.swift in Sources */ = {isa = PBXBuildFile; fileRef = 8B92106D2BCCDE5451812493 /* Feed.swift */; };
		D669AC453C40CC9FB74C41F4 /* SettingsView.swift in Sources */ = {isa = PBXBuildFile; fileRef = 4871C97EAC315B4E120BF5A1 /* SettingsView.swift */; };
		F5A0BF7953124343D950A294 /* SwiftUI.framework in Frameworks */ = {isa = PBXBuildFile; fileRef = D268347F07CE442158432829 /* SwiftUI.framework */; };
		FAA49602D07209D0599FB1EE /* BackgroundRefreshService.swift in Sources */ = {isa = PBXBuildFile; fileRef = A0F6415159792D42B57ECC98 /* BackgroundRefreshService.swift */; };
		E1E1E1E1E1E1E1E1E1E1E1E1 /* IconPickerView.swift in Sources */ = {isa = PBXBuildFile; fileRef = E1E1E1E1E1E1E1E1E1E1E1E2 /* IconPickerView.swift */; };
		E2E2E2E2E2E2E2E2E2E2E2E1 /* CategoryEditView.swift in Sources */ = {isa = PBXBuildFile; fileRef = E2E2E2E2E2E2E2E2E2E2E2E2 /* CategoryEditView.swift */; };
		E3E3E3E3E3E3E3E3E3E3E3E1 /* ArticleFeedSections.swift in Sources */ = {isa = PBXBuildFile; fileRef = E3E3E3E3E3E3E3E3E3E3E3E2 /* ArticleFeedSections.swift */; };
		E4E4E4E4E4E4E4E4E4E4E4E1 /* CategoryFilteredView.swift in Sources */ = {isa = PBXBuildFile; fileRef = E4E4E4E4E4E4E4E4E4E4E4E2 /* CategoryFilteredView.swift */; };
/* End PBXBuildFile section */

/* Begin PBXContainerItemProxy section */
		4BA4531F6381BC95634BE19F /* PBXContainerItemProxy */ = {
			isa = PBXContainerItemProxy;
			containerPortal = 9B4BCD3A7003E4381E0B87CA /* Project object */;
			proxyType = 1;
			remoteGlobalIDString = 94B69E64152B15927D93C78E;
			remoteInfo = YomiWidget;
		};
/* End PBXContainerItemProxy section */

/* Begin PBXCopyFilesBuildPhase section */
		B537DE03CDE57A65E3BE7C2E /* Embed Foundation Extensions */ = {
			isa = PBXCopyFilesBuildPhase;
			buildActionMask = 2147483647;
			dstPath = "";
			dstSubfolderSpec = 13;
			files = (
				4CB08D92CFE942C65BA98DAE /* YomiWidget.appex in Embed Foundation Extensions */,
			);
			name = "Embed Foundation Extensions";
			runOnlyForDeploymentPostprocessing = 0;
		};
/* End PBXCopyFilesBuildPhase section */

/* Begin PBXFileReference section */
		02729AC73739B6CFF0674FFD /* SearchView.swift */ = {isa = PBXFileReference; lastKnownFileType = sourcecode.swift; path = SearchView.swift; sourceTree = "<group>"; };
		0433804E832D2E6A378F503B /* ArticleContextMenu.swift */ = {isa = PBXFileReference; lastKnownFileType = sourcecode.swift; path = ArticleContextMenu.swift; sourceTree = "<group>"; };
		06F88F9C98C7F0B234D8DB16 /* OPMLManager.swift */ = {isa = PBXFileReference; lastKnownFileType = sourcecode.swift; path = OPMLManager.swift; sourceTree = "<group>"; };
		1E1683BA11F1C5441D0587A5 /* YomiApp.swift */ = {isa = PBXFileReference; lastKnownFileType = sourcecode.swift; path = YomiApp.swift; sourceTree = "<group>"; };
		24BC3432A4FFC1E775E48CE8 /* OGImageFetcher.swift */ = {isa = PBXFileReference; lastKnownFileType = sourcecode.swift; path = OGImageFetcher.swift; sourceTree = "<group>"; };
		7B2E4D0A56F8C319722D5E4A /* FeedDiscoveryService.swift */ = {isa = PBXFileReference; lastKnownFileType = sourcecode.swift; path = FeedDiscoveryService.swift; sourceTree = "<group>"; };
		3300F53E6DB33DAC09AC1EF9 /* Info.plist */ = {isa = PBXFileReference; lastKnownFileType = text.plist; path = Info.plist; sourceTree = "<group>"; };
		3B5D01EC8ADF85FD2BD4C6D6 /* Article.swift */ = {isa = PBXFileReference; lastKnownFileType = sourcecode.swift; path = Article.swift; sourceTree = "<group>"; };
		4731ABBA770650273E328968 /* YomiWidget.swift */ = {isa = PBXFileReference; lastKnownFileType = sourcecode.swift; path = YomiWidget.swift; sourceTree = "<group>"; };
		47C597D8CB3430F8C8974566 /* WidgetDataStore.swift */ = {isa = PBXFileReference; lastKnownFileType = sourcecode.swift; path = WidgetDataStore.swift; sourceTree = "<group>"; };
		4846F07A484320C32BA40468 /* FeedsView.swift */ = {isa = PBXFileReference; lastKnownFileType = sourcecode.swift; path = FeedsView.swift; sourceTree = "<group>"; };
		4871C97EAC315B4E120BF5A1 /* SettingsView.swift */ = {isa = PBXFileReference; lastKnownFileType = sourcecode.swift; path = SettingsView.swift; sourceTree = "<group>"; };
		4BA6D9D5F65929ADBBBB66E0 /* FeedDetailView.swift */ = {isa = PBXFileReference; lastKnownFileType = sourcecode.swift; path = FeedDetailView.swift; sourceTree = "<group>"; };
		4BB0C1AB154AB2E1EDF278B3 /* LatestView.swift */ = {isa = PBXFileReference; lastKnownFileType = sourcecode.swift; path = LatestView.swift; sourceTree = "<group>"; };
		4C9DDDCEA40E5FFCBF658213 /* FeedRowView.swift */ = {isa = PBXFileReference; lastKnownFileType = sourcecode.swift; path = FeedRowView.swift; sourceTree = "<group>"; };
		568C3CAA6609A899852D5386 /* AddFeedView.swift */ = {isa = PBXFileReference; lastKnownFileType = sourcecode.swift; path = AddFeedView.swift; sourceTree = "<group>"; };
		58E58EE73138EA0491E1F1D4 /* FeedService.swift */ = {isa = PBXFileReference; lastKnownFileType = sourcecode.swift; path = FeedService.swift; sourceTree = "<group>"; };
		5A9ED7746BFF87EFE84C900E /* YomiWidgetBundle.swift */ = {isa = PBXFileReference; lastKnownFileType = sourcecode.swift; path = YomiWidgetBundle.swift; sourceTree = "<group>"; };
		5BDCF4B7B5525AE410FE301B /* ContentView.swift */ = {isa = PBXFileReference; lastKnownFileType = sourcecode.swift; path = ContentView.swift; sourceTree = "<group>"; };
		6FA4A2CA4B72E7996734DCE5 /* FeedManageView.swift */ = {isa = PBXFileReference; lastKnownFileType = sourcecode.swift; path = FeedManageView.swift; sourceTree = "<group>"; };
		8B92106D2BCCDE5451812493 /* Feed.swift */ = {isa = PBXFileReference; lastKnownFileType = sourcecode.swift; path = Feed.swift; sourceTree = "<group>"; };
		8C85B778AE190480F969669E /* Yomi.app */ = {isa = PBXFileReference; explicitFileType = wrapper.application; includeInIndex = 0; path = Yomi.app; sourceTree = BUILT_PRODUCTS_DIR; };
		8D1FAF476B012BC57218C70E /* CachedAsyncImage.swift */ = {isa = PBXFileReference; lastKnownFileType = sourcecode.swift; path = CachedAsyncImage.swift; sourceTree = "<group>"; };
		C1C0FFEE5EC7A0BABE5EC700 /* CategoryPickerSection.swift */ = {isa = PBXFileReference; lastKnownFileType = sourcecode.swift; path = CategoryPickerSection.swift; sourceTree = "<group>"; };
		C2A7E091FACE15D0CA751110 /* CategoriesView.swift */ = {isa = PBXFileReference; lastKnownFileType = sourcecode.swift; path = CategoriesView.swift; sourceTree = "<group>"; };
		C3B0BABE0FFEE5DC0FFE0000 /* AboutView.swift */ = {isa = PBXFileReference; lastKnownFileType = sourcecode.swift; path = AboutView.swift; sourceTree = "<group>"; };
		9B4FEF5925A963691B0CAF9C /* YomiWidget.entitlements */ = {isa = PBXFileReference; lastKnownFileType = text.plist.entitlements; path = YomiWidget.entitlements; sourceTree = "<group>"; };
		A0F6415159792D42B57ECC98 /* BackgroundRefreshService.swift */ = {isa = PBXFileReference; lastKnownFileType = sourcecode.swift; path = BackgroundRefreshService.swift; sourceTree = "<group>"; };
		AF09DE22B595F75BE36A715A /* YomiWidget.appex */ = {isa = PBXFileReference; explicitFileType = "wrapper.app-extension"; includeInIndex = 0; path = YomiWidget.appex; sourceTree = BUILT_PRODUCTS_DIR; };
		B40C3E7AF40BA6D4AB98D570 /* WidgetKit.framework */ = {isa = PBXFileReference; lastKnownFileType = wrapper.framework; name = WidgetKit.framework; path = System/Library/Frameworks/WidgetKit.framework; sourceTree = SDKROOT; };
		B73C4B4F34C9AB7071588D54 /* Info.plist */ = {isa = PBXFileReference; lastKnownFileType = text.plist; path = Info.plist; sourceTree = "<group>"; };
		C5059A9C974E138CA49EC216 /* Category.swift */ = {isa = PBXFileReference; lastKnownFileType = sourcecode.swift; path = Category.swift; sourceTree = "<group>"; };
		CAE9DD4191D45BD1C5B85A84 /* Yomi.entitlements */ = {isa = PBXFileReference; lastKnownFileType = text.plist.entitlements; path = Yomi.entitlements; sourceTree = "<group>"; };
		CD77AF6E62E935C3AD959C61 /* Assets.xcassets */ = {isa = PBXFileReference; lastKnownFileType = folder.assetcatalog; path = Assets.xcassets; sourceTree = "<group>"; };
		D1C0DF1ED1C0DF1ED1C0DF10 /* AppIcon.icon */ = {isa = PBXFileReference; lastKnownFileType = folder.iconcomposer.icon; path = AppIcon.icon; sourceTree = "<group>"; };
		D1C0DF1ED1C0DF1ED1C0DF21 /* PrivacyInfo.xcprivacy */ = {isa = PBXFileReference; lastKnownFileType = text.xml; path = PrivacyInfo.xcprivacy; sourceTree = "<group>"; };
		D25FF693EFC654C05BC596E1 /* SavedView.swift */ = {isa = PBXFileReference; lastKnownFileType = sourcecode.swift; path = SavedView.swift; sourceTree = "<group>"; };
		D268347F07CE442158432829 /* SwiftUI.framework */ = {isa = PBXFileReference; lastKnownFileType = wrapper.framework; name = SwiftUI.framework; path = System/Library/Frameworks/SwiftUI.framework; sourceTree = SDKROOT; };
		D912FB6EDE7FB28B88D4C35F /* RSSFetcher.swift */ = {isa = PBXFileReference; lastKnownFileType = sourcecode.swift; path = RSSFetcher.swift; sourceTree = "<group>"; };
		E2886794B84312D768461BB9 /* ArticleWebView.swift */ = {isa = PBXFileReference; lastKnownFileType = sourcecode.swift; path = ArticleWebView.swift; sourceTree = "<group>"; };
		F3FDDB2FB7D493C42AEC3F37 /* ArticleRowView.swift */ = {isa = PBXFileReference; lastKnownFileType = sourcecode.swift; path = ArticleRowView.swift; sourceTree = "<group>"; };
		E1E1E1E1E1E1E1E1E1E1E1E2 /* IconPickerView.swift */ = {isa = PBXFileReference; lastKnownFileType = sourcecode.swift; path = IconPickerView.swift; sourceTree = "<group>"; };
		E2E2E2E2E2E2E2E2E2E2E2E2 /* CategoryEditView.swift */ = {isa = PBXFileReference; lastKnownFileType = sourcecode.swift; path = CategoryEditView.swift; sourceTree = "<group>"; };
		E3E3E3E3E3E3E3E3E3E3E3E2 /* ArticleFeedSections.swift */ = {isa = PBXFileReference; lastKnownFileType = sourcecode.swift; path = ArticleFeedSections.swift; sourceTree = "<group>"; };
		E4E4E4E4E4E4E4E4E4E4E4E2 /* CategoryFilteredView.swift */ = {isa = PBXFileReference; lastKnownFileType = sourcecode.swift; path = CategoryFilteredView.swift; sourceTree = "<group>"; };
/* End PBXFileReference section */

/* Begin PBXFrameworksBuildPhase section */
		CEA57D37C6F283D7269EFEE9 /* Frameworks */ = {
			isa = PBXFrameworksBuildPhase;
			buildActionMask = 2147483647;
			files = (
				C1C6BA1304B255E9006CA53E /* WidgetKit.framework in Frameworks */,
				F5A0BF7953124343D950A294 /* SwiftUI.framework in Frameworks */,
			);
			runOnlyForDeploymentPostprocessing = 0;
		};
		E0BD51C833999011F6D09A8D /* Frameworks */ = {
			isa = PBXFrameworksBuildPhase;
			buildActionMask = 2147483647;
			files = (
				57EAF15BE734A7D67BB496DE /* FeedKit in Frameworks */,
				5BF9E1C1C2FAB59E69D994CE /* WidgetKit.framework in Frameworks */,
			);
			runOnlyForDeploymentPostprocessing = 0;
		};
/* End PBXFrameworksBuildPhase section */

/* Begin PBXGroup section */
		0508FEB4DBE9F26FBDCB8135 /* Frameworks */ = {
			isa = PBXGroup;
			children = (
				D268347F07CE442158432829 /* SwiftUI.framework */,
				B40C3E7AF40BA6D4AB98D570 /* WidgetKit.framework */,
			);
			name = Frameworks;
			sourceTree = "<group>";
		};
		0736E90A8646AC9FC84C4F65 /* YomiWidget */ = {
			isa = PBXGroup;
			children = (
				3300F53E6DB33DAC09AC1EF9 /* Info.plist */,
				9B4FEF5925A963691B0CAF9C /* YomiWidget.entitlements */,
				4731ABBA770650273E328968 /* YomiWidget.swift */,
				5A9ED7746BFF87EFE84C900E /* YomiWidgetBundle.swift */,
			);
			path = YomiWidget;
			sourceTree = "<group>";
		};
		0BB2DF69780D7D37613831D6 /* BackgroundRefresh */ = {
			isa = PBXGroup;
			children = (
				A0F6415159792D42B57ECC98 /* BackgroundRefreshService.swift */,
			);
			path = BackgroundRefresh;
			sourceTree = "<group>";
		};
		3694FB2F789AC37FCD7EDE32 /* Shared */ = {
			isa = PBXGroup;
			children = (
				47C597D8CB3430F8C8974566 /* WidgetDataStore.swift */,
			);
			path = Shared;
			sourceTree = "<group>";
		};
		6B0530B8706F6B6A54021FA7 = {
			isa = PBXGroup;
			children = (
				3694FB2F789AC37FCD7EDE32 /* Shared */,
				C32D1087A3030F2ECDCB3D1D /* Yomi */,
				0736E90A8646AC9FC84C4F65 /* YomiWidget */,
				0508FEB4DBE9F26FBDCB8135 /* Frameworks */,
				F7013CE2A62F1D4EA616D8A5 /* Products */,
			);
			sourceTree = "<group>";
		};
		6B6F532D3549527645126425 /* Services */ = {
			isa = PBXGroup;
			children = (
				7B2E4D0A56F8C319722D5E4A /* FeedDiscoveryService.swift */,
				58E58EE73138EA0491E1F1D4 /* FeedService.swift */,
				24BC3432A4FFC1E775E48CE8 /* OGImageFetcher.swift */,
				06F88F9C98C7F0B234D8DB16 /* OPMLManager.swift */,
				D912FB6EDE7FB28B88D4C35F /* RSSFetcher.swift */,
			);
			path = Services;
			sourceTree = "<group>";
		};
		A28129186D87B869011D2626 /* Views */ = {
			isa = PBXGroup;
			children = (
				AAA0AAA0AAA0AAA0AAA0AAA0 /* Articles */,
				BBB0BBB0BBB0BBB0BBB0BBB0 /* Feeds */,
				CCC0CCC0CCC0CCC0CCC0CCC0 /* Settings */,
				D7A2C2E36B38E485C5BE30B9 /* Components */,
			);
			path = Views;
			sourceTree = "<group>";
		};
		AAA0AAA0AAA0AAA0AAA0AAA0 /* Articles */ = {
			isa = PBXGroup;
			children = (
				4BB0C1AB154AB2E1EDF278B3 /* LatestView.swift */,
				D25FF693EFC654C05BC596E1 /* SavedView.swift */,
				02729AC73739B6CFF0674FFD /* SearchView.swift */,
				E2886794B84312D768461BB9 /* ArticleWebView.swift */,
				F3FDDB2FB7D493C42AEC3F37 /* ArticleRowView.swift */,
				0433804E832D2E6A378F503B /* ArticleContextMenu.swift */,
				E3E3E3E3E3E3E3E3E3E3E3E2 /* ArticleFeedSections.swift */,
				E4E4E4E4E4E4E4E4E4E4E4E2 /* CategoryFilteredView.swift */,
			);
			path = Articles;
			sourceTree = "<group>";
		};
		BBB0BBB0BBB0BBB0BBB0BBB0 /* Feeds */ = {
			isa = PBXGroup;
			children = (
				4846F07A484320C32BA40468 /* FeedsView.swift */,
				4BA6D9D5F65929ADBBBB66E0 /* FeedDetailView.swift */,
				6FA4A2CA4B72E7996734DCE5 /* FeedManageView.swift */,
				568C3CAA6609A899852D5386 /* AddFeedView.swift */,
				4C9DDDCEA40E5FFCBF658213 /* FeedRowView.swift */,
			);
			path = Feeds;
			sourceTree = "<group>";
		};
		CCC0CCC0CCC0CCC0CCC0CCC0 /* Settings */ = {
			isa = PBXGroup;
			children = (
				4871C97EAC315B4E120BF5A1 /* SettingsView.swift */,
				C3B0BABE0FFEE5DC0FFE0000 /* AboutView.swift */,
				C2A7E091FACE15D0CA751110 /* CategoriesView.swift */,
				E2E2E2E2E2E2E2E2E2E2E2E2 /* CategoryEditView.swift */,
			);
			path = Settings;
			sourceTree = "<group>";
		};
		C32D1087A3030F2ECDCB3D1D /* Yomi */ = {
			isa = PBXGroup;
			children = (
				D1C0DF1ED1C0DF1ED1C0DF10 /* AppIcon.icon */,
				CD77AF6E62E935C3AD959C61 /* Assets.xcassets */,
				5BDCF4B7B5525AE410FE301B /* ContentView.swift */,
				B73C4B4F34C9AB7071588D54 /* Info.plist */,
				D1C0DF1ED1C0DF1ED1C0DF21 /* PrivacyInfo.xcprivacy */,
				CAE9DD4191D45BD1C5B85A84 /* Yomi.entitlements */,
				1E1683BA11F1C5441D0587A5 /* YomiApp.swift */,
				0BB2DF69780D7D37613831D6 /* BackgroundRefresh */,
				C6C670FC9AB6147E2E72C90A /* Models */,
				6B6F532D3549527645126425 /* Services */,
				A28129186D87B869011D2626 /* Views */,
			);
			path = Yomi;
			sourceTree = "<group>";
		};
		C6C670FC9AB6147E2E72C90A /* Models */ = {
			isa = PBXGroup;
			children = (
				3B5D01EC8ADF85FD2BD4C6D6 /* Article.swift */,
				C5059A9C974E138CA49EC216 /* Category.swift */,
				8B92106D2BCCDE5451812493 /* Feed.swift */,
			);
			path = Models;
			sourceTree = "<group>";
		};
		D7A2C2E36B38E485C5BE30B9 /* Components */ = {
			isa = PBXGroup;
			children = (
				8D1FAF476B012BC57218C70E /* CachedAsyncImage.swift */,
				C1C0FFEE5EC7A0BABE5EC700 /* CategoryPickerSection.swift */,
				E1E1E1E1E1E1E1E1E1E1E1E2 /* IconPickerView.swift */,
			);
			path = Components;
			sourceTree = "<group>";
		};
		F7013CE2A62F1D4EA616D8A5 /* Products */ = {
			isa = PBXGroup;
			children = (
				8C85B778AE190480F969669E /* Yomi.app */,
				AF09DE22B595F75BE36A715A /* YomiWidget.appex */,
			);
			name = Products;
			sourceTree = "<group>";
		};
/* End PBXGroup section */

/* Begin PBXNativeTarget section */
		28856BEEAA58FA10F4C79F59 /* Yomi */ = {
			isa = PBXNativeTarget;
			buildConfigurationList = 9F06D9C7AE47DA92E9C21D26 /* Build configuration list for PBXNativeTarget "Yomi" */;
			buildPhases = (
				83BDCD247950515FB0375CDD /* Sources */,
				C377D8EE04CC7BBCEA868643 /* Resources */,
				E0BD51C833999011F6D09A8D /* Frameworks */,
				B537DE03CDE57A65E3BE7C2E /* Embed Foundation Extensions */,
				D1C0DF1ED1C0DF1ED1C0DF30 /* Set Build Number */,
			);
			buildRules = (
			);
			dependencies = (
				49DBB610298C97DD0F9D381A /* PBXTargetDependency */,
			);
			name = Yomi;
			packageProductDependencies = (
				BB2E65ADE6687995FDB9CB62 /* FeedKit */,
			);
			productName = Yomi;
			productReference = 8C85B778AE190480F969669E /* Yomi.app */;
			productType = "com.apple.product-type.application";
		};
		94B69E64152B15927D93C78E /* YomiWidget */ = {
			isa = PBXNativeTarget;
			buildConfigurationList = 8E5F05950C1D19FF86DDD531 /* Build configuration list for PBXNativeTarget "YomiWidget" */;
			buildPhases = (
				0ED16F5A9D44DDB3C08CFE67 /* Sources */,
				CEA57D37C6F283D7269EFEE9 /* Frameworks */,
				D1C0DF1ED1C0DF1ED1C0DF40 /* Set Build Number */,
			);
			buildRules = (
			);
			dependencies = (
			);
			name = YomiWidget;
			packageProductDependencies = (
			);
			productName = YomiWidget;
			productReference = AF09DE22B595F75BE36A715A /* YomiWidget.appex */;
			productType = "com.apple.product-type.app-extension";
		};
/* End PBXNativeTarget section */

/* Begin PBXProject section */
		9B4BCD3A7003E4381E0B87CA /* Project object */ = {
			isa = PBXProject;
			attributes = {
				BuildIndependentTargetsInParallel = YES;
				LastUpgradeCheck = 2640;
			};
			buildConfigurationList = 0BDE7A78CC8C2E9F020A2B84 /* Build configuration list for PBXProject "Yomi" */;
			developmentRegion = en;
			hasScannedForEncodings = 0;
			knownRegions = (
				Base,
				en,
			);
			mainGroup = 6B0530B8706F6B6A54021FA7;
			minimizedProjectReferenceProxies = 1;
			packageReferences = (
				85804A6CFE6BEC9A14C39F17 /* XCRemoteSwiftPackageReference "FeedKit" */,
			);
			preferredProjectObjectVersion = 77;
			productRefGroup = F7013CE2A62F1D4EA616D8A5 /* Products */;
			projectDirPath = "";
			projectRoot = "";
			targets = (
				28856BEEAA58FA10F4C79F59 /* Yomi */,
				94B69E64152B15927D93C78E /* YomiWidget */,
			);
		};
/* End PBXProject section */

/* Begin PBXResourcesBuildPhase section */
		C377D8EE04CC7BBCEA868643 /* Resources */ = {
			isa = PBXResourcesBuildPhase;
			buildActionMask = 2147483647;
			files = (
				17B0D9B29A8BDE7EC0EE0F55 /* Assets.xcassets in Resources */,
				D1C0DF1ED1C0DF1ED1C0DF11 /* AppIcon.icon in Resources */,
				D1C0DF1ED1C0DF1ED1C0DF20 /* PrivacyInfo.xcprivacy in Resources */,
			);
			runOnlyForDeploymentPostprocessing = 0;
		};
/* End PBXResourcesBuildPhase section */

/* Begin PBXShellScriptBuildPhase section */
		D1C0DF1ED1C0DF1ED1C0DF30 /* Set Build Number */ = {
			isa = PBXShellScriptBuildPhase;
			alwaysOutOfDate = 1;
			buildActionMask = 2147483647;
			files = (
			);
			inputFileListPaths = (
			);
			inputPaths = (
			);
			name = "Set Build Number";
			outputFileListPaths = (
			);
			outputPaths = (
			);
			runOnlyForDeploymentPostprocessing = 0;
			shellPath = /bin/sh;
			shellScript = "cd \"$SRCROOT\"\nBUILD_NUMBER=$(git rev-list --count HEAD 2>/dev/null || echo \"1\")\nAPP_PLIST=\"$BUILT_PRODUCTS_DIR/$INFOPLIST_PATH\"\nif [ -f \"$APP_PLIST\" ]; then\n    /usr/libexec/PlistBuddy -c \"Set :CFBundleVersion $BUILD_NUMBER\" \"$APP_PLIST\"\n    echo \"Set CFBundleVersion to $BUILD_NUMBER in $APP_PLIST\"\nfi\n# NOTE: Do NOT modify embedded .appex Info.plist here. This phase runs after the\n# widget is signed, so editing its Info.plist breaks the appex code signature\n# (invalid Info.plist / 0xe8008001 on device install). The widget sets its own\n# CFBundleVersion via its own build phase, before it is signed.\n";
		};
		D1C0DF1ED1C0DF1ED1C0DF40 /* Set Build Number */ = {
			isa = PBXShellScriptBuildPhase;
			alwaysOutOfDate = 1;
			buildActionMask = 2147483647;
			files = (
			);
			inputFileListPaths = (
			);
			inputPaths = (
			);
			name = "Set Build Number";
			outputFileListPaths = (
			);
			outputPaths = (
			);
			runOnlyForDeploymentPostprocessing = 0;
			shellPath = /bin/sh;
			shellScript = "cd \"$SRCROOT\"\nBUILD_NUMBER=$(git rev-list --count HEAD 2>/dev/null || echo \"1\")\nWIDGET_PLIST=\"$BUILT_PRODUCTS_DIR/$INFOPLIST_PATH\"\nif [ -f \"$WIDGET_PLIST\" ]; then\n    /usr/libexec/PlistBuddy -c \"Set :CFBundleVersion $BUILD_NUMBER\" \"$WIDGET_PLIST\"\n    echo \"Set CFBundleVersion to $BUILD_NUMBER in $WIDGET_PLIST\"\nfi\n";
		};
/* End PBXShellScriptBuildPhase section */

/* Begin PBXSourcesBuildPhase section */
		0ED16F5A9D44DDB3C08CFE67 /* Sources */ = {
			isa = PBXSourcesBuildPhase;
			buildActionMask = 2147483647;
			files = (
				AA794C4EBB7BEA697D72C5FA /* WidgetDataStore.swift in Sources */,
				20C768DABF429AE2024F4088 /* YomiWidget.swift in Sources */,
				B4AEBBE14B1B74B9A7CFE171 /* YomiWidgetBundle.swift in Sources */,
			);
			runOnlyForDeploymentPostprocessing = 0;
		};
		83BDCD247950515FB0375CDD /* Sources */ = {
			isa = PBXSourcesBuildPhase;
			buildActionMask = 2147483647;
			files = (
				9FB324AACF6A8CF25F81F956 /* AddFeedView.swift in Sources */,
				2F89F234641A2CF9F707E8EB /* Article.swift in Sources */,
				29132B6FB84FC51AA6E34E84 /* ArticleContextMenu.swift in Sources */,
				481B888D93A391904382092E /* ArticleRowView.swift in Sources */,
				B2428997EA07F2D51E5F6D1B /* ArticleWebView.swift in Sources */,
				FAA49602D07209D0599FB1EE /* BackgroundRefreshService.swift in Sources */,
				8117032E657135F335027889 /* CachedAsyncImage.swift in Sources */,
				06C9252A7E0A95F80CF8B89B /* Category.swift in Sources */,
				C1C0FFEE5EC7A0BABE5EC701 /* CategoryPickerSection.swift in Sources */,
				158416DBA557DB7A6040D8E9 /* ContentView.swift in Sources */,
				D492249C726AC6153890BCB3 /* Feed.swift in Sources */,
				CE696972B86ADC6341971F3F /* FeedDetailView.swift in Sources */,
				76EA96E43E6EE8B3398D9227 /* FeedManageView.swift in Sources */,
				6CA182C75F92DA060B01950F /* FeedRowView.swift in Sources */,
				6A1F3C9D45E7B208611C4D3F /* FeedDiscoveryService.swift in Sources */,
				4F085C878D36E7C93B399394 /* FeedService.swift in Sources */,
				20A5663EA9AB19AC7FDF2DE0 /* FeedsView.swift in Sources */,
				4B4EEBC63BAFFD07CC326D43 /* LatestView.swift in Sources */,
				648F66F2D726C3D49EFF094D /* OGImageFetcher.swift in Sources */,
				8295190B145063635A2CF3C7 /* OPMLManager.swift in Sources */,
				3B7E948683250D569C16B004 /* RSSFetcher.swift in Sources */,
				2306986AD2CF9B6EC15C3436 /* SavedView.swift in Sources */,
				98F9A91802699313EF70BEAF /* SearchView.swift in Sources */,
				D669AC453C40CC9FB74C41F4 /* SettingsView.swift in Sources */,
				C2A7E091FACE15D0CA751111 /* CategoriesView.swift in Sources */,
				C3B0BABE0FFEE5DC0FFE0001 /* AboutView.swift in Sources */,
				039D4CB15A3D2A140F8FFE4F /* WidgetDataStore.swift in Sources */,
				C174A3F9622781277B6C9952 /* YomiApp.swift in Sources */,
				E1E1E1E1E1E1E1E1E1E1E1E1 /* IconPickerView.swift in Sources */,
				E2E2E2E2E2E2E2E2E2E2E2E1 /* CategoryEditView.swift in Sources */,
				E3E3E3E3E3E3E3E3E3E3E3E1 /* ArticleFeedSections.swift in Sources */,
				E4E4E4E4E4E4E4E4E4E4E4E1 /* CategoryFilteredView.swift in Sources */,
			);
			runOnlyForDeploymentPostprocessing = 0;
		};
/* End PBXSourcesBuildPhase section */

/* Begin PBXTargetDependency section */
		49DBB610298C97DD0F9D381A /* PBXTargetDependency */ = {
			isa = PBXTargetDependency;
			target = 94B69E64152B15927D93C78E /* YomiWidget */;
			targetProxy = 4BA4531F6381BC95634BE19F /* PBXContainerItemProxy */;
		};
/* End PBXTargetDependency section */

/* Begin XCBuildConfiguration section */
		1DF0E3AF8CFDE1F390E26491 /* Release */ = {
			isa = XCBuildConfiguration;
			buildSettings = {
				CODE_SIGN_ENTITLEMENTS = YomiWidget/YomiWidget.entitlements;
				INFOPLIST_FILE = YomiWidget/Info.plist;
				INFOPLIST_KEY_CFBundleDisplayName = yomy;
				LD_RUNPATH_SEARCH_PATHS = (
					"$(inherited)",
					"@executable_path/Frameworks",
					"@executable_path/../../Frameworks",
				);
				PRODUCT_BUNDLE_IDENTIFIER = com.shakshi.yomy.widget;
				SDKROOT = iphoneos;
				SUPPORTED_PLATFORMS = "iphoneos iphonesimulator";
				SUPPORTS_MACCATALYST = NO;
				SUPPORTS_MAC_DESIGNED_FOR_IPHONE_IPAD = NO;
				SUPPORTS_XR_DESIGNED_FOR_IPHONE_IPAD = NO;
				SWIFT_VERSION = 5.9;
				TARGETED_DEVICE_FAMILY = 1;
			};
			name = Release;
		};
		668794423ABCDA8488FA5C53 /* Release */ = {
			isa = XCBuildConfiguration;
			buildSettings = {
				ASSETCATALOG_COMPILER_APPICON_NAME = AppIcon;
				CODE_SIGN_ENTITLEMENTS = Yomi/Yomi.entitlements;
				CODE_SIGN_IDENTITY = "iPhone Developer";
				INFOPLIST_FILE = Yomi/Info.plist;
				INFOPLIST_KEY_CFBundleDisplayName = yomy;
				INFOPLIST_KEY_LSApplicationCategoryType = "public.app-category.utilities";
				LD_RUNPATH_SEARCH_PATHS = (
					"$(inherited)",
					"@executable_path/Frameworks",
				);
				PRODUCT_BUNDLE_IDENTIFIER = com.shakshi.yomy;
				SDKROOT = iphoneos;
				SUPPORTED_PLATFORMS = "iphoneos iphonesimulator";
				SUPPORTS_MACCATALYST = NO;
				SUPPORTS_MAC_DESIGNED_FOR_IPHONE_IPAD = NO;
				SUPPORTS_XR_DESIGNED_FOR_IPHONE_IPAD = NO;
				SWIFT_VERSION = 5.9;
				TARGETED_DEVICE_FAMILY = 1;
			};
			name = Release;
		};
		68A5ACD7A932C7950E35E453 /* Debug */ = {
			isa = XCBuildConfiguration;
			buildSettings = {
				ALWAYS_SEARCH_USER_PATHS = NO;
				CLANG_ANALYZER_NONNULL = YES;
				CLANG_ANALYZER_NUMBER_OBJECT_CONVERSION = YES_AGGRESSIVE;
				CLANG_CXX_LANGUAGE_STANDARD = "gnu++14";
				CLANG_CXX_LIBRARY = "libc++";
				CLANG_ENABLE_MODULES = YES;
				CLANG_ENABLE_OBJC_ARC = YES;
				CLANG_ENABLE_OBJC_WEAK = YES;
				CLANG_WARN_BLOCK_CAPTURE_AUTORELEASING = YES;
				CLANG_WARN_BOOL_CONVERSION = YES;
				CLANG_WARN_COMMA = YES;
				CLANG_WARN_CONSTANT_CONVERSION = YES;
				CLANG_WARN_DEPRECATED_OBJC_IMPLEMENTATIONS = YES;
				CLANG_WARN_DIRECT_OBJC_ISA_USAGE = YES_ERROR;
				CLANG_WARN_DOCUMENTATION_COMMENTS = YES;
				CLANG_WARN_EMPTY_BODY = YES;
				CLANG_WARN_ENUM_CONVERSION = YES;
				CLANG_WARN_INFINITE_RECURSION = YES;
				CLANG_WARN_INT_CONVERSION = YES;
				CLANG_WARN_NON_LITERAL_NULL_CONVERSION = YES;
				CLANG_WARN_OBJC_IMPLICIT_RETAIN_SELF = YES;
				CLANG_WARN_OBJC_LITERAL_CONVERSION = YES;
				CLANG_WARN_OBJC_ROOT_CLASS = YES_ERROR;
				CLANG_WARN_QUOTED_INCLUDE_IN_FRAMEWORK_HEADER = YES;
				CLANG_WARN_RANGE_LOOP_ANALYSIS = YES;
				CLANG_WARN_STRICT_PROTOTYPES = YES;
				CLANG_WARN_SUSPICIOUS_MOVE = YES;
				CLANG_WARN_UNGUARDED_AVAILABILITY = YES_AGGRESSIVE;
				CLANG_WARN_UNREACHABLE_CODE = YES;
				CLANG_WARN__DUPLICATE_METHOD_MATCH = YES;
				COPY_PHASE_STRIP = NO;
				DEBUG_INFORMATION_FORMAT = dwarf;
				DEVELOPMENT_TEAM = WHBF4Z49B6;
				ENABLE_STRICT_OBJC_MSGSEND = YES;
				ENABLE_TESTABILITY = YES;
				ENABLE_USER_SCRIPT_SANDBOXING = NO;
				GCC_C_LANGUAGE_STANDARD = gnu11;
				GCC_DYNAMIC_NO_PIC = NO;
				GCC_NO_COMMON_BLOCKS = YES;
				GCC_OPTIMIZATION_LEVEL = 0;
				GCC_PREPROCESSOR_DEFINITIONS = (
					"$(inherited)",
					"DEBUG=1",
				);
				GCC_WARN_64_TO_32_BIT_CONVERSION = YES;
				GCC_WARN_ABOUT_RETURN_TYPE = YES_ERROR;
				GCC_WARN_UNDECLARED_SELECTOR = YES;
				GCC_WARN_UNINITIALIZED_AUTOS = YES_AGGRESSIVE;
				GCC_WARN_UNUSED_FUNCTION = YES;
				GCC_WARN_UNUSED_VARIABLE = YES;
				IPHONEOS_DEPLOYMENT_TARGET = 17.0;
				MTL_ENABLE_DEBUG_INFO = INCLUDE_SOURCE;
				MTL_FAST_MATH = YES;
				ONLY_ACTIVE_ARCH = YES;
				PRODUCT_NAME = "$(TARGET_NAME)";
				SDKROOT = iphoneos;
				STRING_CATALOG_GENERATE_SYMBOLS = YES;
				SWIFT_ACTIVE_COMPILATION_CONDITIONS = DEBUG;
				SWIFT_OPTIMIZATION_LEVEL = "-Onone";
				SWIFT_VERSION = 5.0;
			};
			name = Debug;
		};
		808B129B37F9132B126704C7 /* Debug */ = {
			isa = XCBuildConfiguration;
			buildSettings = {
				ASSETCATALOG_COMPILER_APPICON_NAME = AppIcon;
				CODE_SIGN_ENTITLEMENTS = Yomi/Yomi.entitlements;
				CODE_SIGN_IDENTITY = "iPhone Developer";
				INFOPLIST_FILE = Yomi/Info.plist;
				INFOPLIST_KEY_CFBundleDisplayName = yomy;
				INFOPLIST_KEY_LSApplicationCategoryType = "public.app-category.utilities";
				LD_RUNPATH_SEARCH_PATHS = (
					"$(inherited)",
					"@executable_path/Frameworks",
				);
				PRODUCT_BUNDLE_IDENTIFIER = com.shakshi.yomy;
				SDKROOT = iphoneos;
				SUPPORTED_PLATFORMS = "iphoneos iphonesimulator";
				SUPPORTS_MACCATALYST = NO;
				SUPPORTS_MAC_DESIGNED_FOR_IPHONE_IPAD = NO;
				SUPPORTS_XR_DESIGNED_FOR_IPHONE_IPAD = NO;
				SWIFT_VERSION = 5.9;
				TARGETED_DEVICE_FAMILY = 1;
			};
			name = Debug;
		};
		C612B4CCD25C912A9031F1CF /* Release */ = {
			isa = XCBuildConfiguration;
			buildSettings = {
				ALWAYS_SEARCH_USER_PATHS = NO;
				CLANG_ANALYZER_NONNULL = YES;
				CLANG_ANALYZER_NUMBER_OBJECT_CONVERSION = YES_AGGRESSIVE;
				CLANG_CXX_LANGUAGE_STANDARD = "gnu++14";
				CLANG_CXX_LIBRARY = "libc++";
				CLANG_ENABLE_MODULES = YES;
				CLANG_ENABLE_OBJC_ARC = YES;
				CLANG_ENABLE_OBJC_WEAK = YES;
				CLANG_WARN_BLOCK_CAPTURE_AUTORELEASING = YES;
				CLANG_WARN_BOOL_CONVERSION = YES;
				CLANG_WARN_COMMA = YES;
				CLANG_WARN_CONSTANT_CONVERSION = YES;
				CLANG_WARN_DEPRECATED_OBJC_IMPLEMENTATIONS = YES;
				CLANG_WARN_DIRECT_OBJC_ISA_USAGE = YES_ERROR;
				CLANG_WARN_DOCUMENTATION_COMMENTS = YES;
				CLANG_WARN_EMPTY_BODY = YES;
				CLANG_WARN_ENUM_CONVERSION = YES;
				CLANG_WARN_INFINITE_RECURSION = YES;
				CLANG_WARN_INT_CONVERSION = YES;
				CLANG_WARN_NON_LITERAL_NULL_CONVERSION = YES;
				CLANG_WARN_OBJC_IMPLICIT_RETAIN_SELF = YES;
				CLANG_WARN_OBJC_LITERAL_CONVERSION = YES;
				CLANG_WARN_OBJC_ROOT_CLASS = YES_ERROR;
				CLANG_WARN_QUOTED_INCLUDE_IN_FRAMEWORK_HEADER = YES;
				CLANG_WARN_RANGE_LOOP_ANALYSIS = YES;
				CLANG_WARN_STRICT_PROTOTYPES = YES;
				CLANG_WARN_SUSPICIOUS_MOVE = YES;
				CLANG_WARN_UNGUARDED_AVAILABILITY = YES_AGGRESSIVE;
				CLANG_WARN_UNREACHABLE_CODE = YES;
				CLANG_WARN__DUPLICATE_METHOD_MATCH = YES;
				COPY_PHASE_STRIP = NO;
				DEBUG_INFORMATION_FORMAT = "dwarf-with-dsym";
				DEVELOPMENT_TEAM = WHBF4Z49B6;
				ENABLE_NS_ASSERTIONS = NO;
				ENABLE_STRICT_OBJC_MSGSEND = YES;
				ENABLE_USER_SCRIPT_SANDBOXING = NO;
				GCC_C_LANGUAGE_STANDARD = gnu11;
				GCC_NO_COMMON_BLOCKS = YES;
				GCC_WARN_64_TO_32_BIT_CONVERSION = YES;
				GCC_WARN_ABOUT_RETURN_TYPE = YES_ERROR;
				GCC_WARN_UNDECLARED_SELECTOR = YES;
				GCC_WARN_UNINITIALIZED_AUTOS = YES_AGGRESSIVE;
				GCC_WARN_UNUSED_FUNCTION = YES;
				GCC_WARN_UNUSED_VARIABLE = YES;
				IPHONEOS_DEPLOYMENT_TARGET = 17.0;
				MTL_ENABLE_DEBUG_INFO = NO;
				MTL_FAST_MATH = YES;
				PRODUCT_NAME = "$(TARGET_NAME)";
				SDKROOT = iphoneos;
				STRING_CATALOG_GENERATE_SYMBOLS = YES;
				SWIFT_COMPILATION_MODE = wholemodule;
				SWIFT_OPTIMIZATION_LEVEL = "-O";
				SWIFT_VERSION = 5.0;
			};
			name = Release;
		};
		EBA9A6371A4C968C4F3EAA0F /* Debug */ = {
			isa = XCBuildConfiguration;
			buildSettings = {
				CODE_SIGN_ENTITLEMENTS = YomiWidget/YomiWidget.entitlements;
				INFOPLIST_FILE = YomiWidget/Info.plist;
				INFOPLIST_KEY_CFBundleDisplayName = yomy;
				LD_RUNPATH_SEARCH_PATHS = (
					"$(inherited)",
					"@executable_path/Frameworks",
					"@executable_path/../../Frameworks",
				);
				PRODUCT_BUNDLE_IDENTIFIER = com.shakshi.yomy.widget;
				SDKROOT = iphoneos;
				SUPPORTED_PLATFORMS = "iphoneos iphonesimulator";
				SUPPORTS_MACCATALYST = NO;
				SUPPORTS_MAC_DESIGNED_FOR_IPHONE_IPAD = NO;
				SUPPORTS_XR_DESIGNED_FOR_IPHONE_IPAD = NO;
				SWIFT_VERSION = 5.9;
				TARGETED_DEVICE_FAMILY = 1;
			};
			name = Debug;
		};
/* End XCBuildConfiguration section */

/* Begin XCConfigurationList section */
		0BDE7A78CC8C2E9F020A2B84 /* Build configuration list for PBXProject "Yomi" */ = {
			isa = XCConfigurationList;
			buildConfigurations = (
				68A5ACD7A932C7950E35E453 /* Debug */,
				C612B4CCD25C912A9031F1CF /* Release */,
			);
			defaultConfigurationIsVisible = 0;
			defaultConfigurationName = Debug;
		};
		8E5F05950C1D19FF86DDD531 /* Build configuration list for PBXNativeTarget "YomiWidget" */ = {
			isa = XCConfigurationList;
			buildConfigurations = (
				EBA9A6371A4C968C4F3EAA0F /* Debug */,
				1DF0E3AF8CFDE1F390E26491 /* Release */,
			);
			defaultConfigurationIsVisible = 0;
			defaultConfigurationName = Debug;
		};
		9F06D9C7AE47DA92E9C21D26 /* Build configuration list for PBXNativeTarget "Yomi" */ = {
			isa = XCConfigurationList;
			buildConfigurations = (
				808B129B37F9132B126704C7 /* Debug */,
				668794423ABCDA8488FA5C53 /* Release */,
			);
			defaultConfigurationIsVisible = 0;
			defaultConfigurationName = Debug;
		};
/* End XCConfigurationList section */

/* Begin XCRemoteSwiftPackageReference section */
		85804A6CFE6BEC9A14C39F17 /* XCRemoteSwiftPackageReference "FeedKit" */ = {
			isa = XCRemoteSwiftPackageReference;
			repositoryURL = "https://github.com/nmdias/FeedKit";
			requirement = {
				kind = upToNextMajorVersion;
				minimumVersion = 9.1.2;
			};
		};
/* End XCRemoteSwiftPackageReference section */

/* Begin XCSwiftPackageProductDependency section */
		BB2E65ADE6687995FDB9CB62 /* FeedKit */ = {
			isa = XCSwiftPackageProductDependency;
			package = 85804A6CFE6BEC9A14C39F17 /* XCRemoteSwiftPackageReference "FeedKit" */;
			productName = FeedKit;
		};
/* End XCSwiftPackageProductDependency section */
	};
	rootObject = 9B4BCD3A7003E4381E0B87CA /* Project object */;
}
